// !$*UTF8*$!
{
	archiveVersion = 1;
	classes = {
	};
	objectVersion = 46;
	objects = {

/* Begin PBXBuildFile section */
		D8800EA41D721BD90009489D /* downloader.cpp in Sources */ = {isa = PBXBuildFile; fileRef = D8800E9F1D721BD90009489D /* downloader.cpp */; };
		D8800EA51D721BD90009489D /* earthporn.cpp in Sources */ = {isa = PBXBuildFile; fileRef = D8800EA11D721BD90009489D /* earthporn.cpp */; };
		D8800EA61D721BD90009489D /* main.cpp in Sources */ = {isa = PBXBuildFile; fileRef = D8800EA31D721BD90009489D /* main.cpp */; };
		D8800EA91D721C550009489D /* reddit_interface.cpp in Sources */ = {isa = PBXBuildFile; fileRef = D8800EA71D721C550009489D /* reddit_interface.cpp */; };
		D8800EAB1D721DF50009489D /* libcurl.tbd in Frameworks */ = {isa = PBXBuildFile; fileRef = D8800EAA1D721DF50009489D /* libcurl.tbd */; };
/* End PBXBuildFile section */

/* Begin PBXCopyFilesBuildPhase section */
		D8800E931D721BC90009489D /* CopyFiles */ = {
			isa = PBXCopyFilesBuildPhase;
			buildActionMask = 2147483647;
			dstPath = /usr/share/man/man1/;
			dstSubfolderSpec = 0;
			files = (
			);
			runOnlyForDeploymentPostprocessing = 1;
		};
/* End PBXCopyFilesBuildPhase section */

/* Begin PBXFileReference section */
		D8800E951D721BC90009489D /* swear_paper */ = {isa = PBXFileReference; explicitFileType = "compiled.mach-o.executable"; includeInIndex = 0; path = swear_paper; sourceTree = BUILT_PRODUCTS_DIR; };
		D8800E9F1D721BD90009489D /* downloader.cpp */ = {isa = PBXFileReference; fileEncoding = 4; lastKnownFileType = sourcecode.cpp.cpp; path = downloader.cpp; sourceTree = "<group>"; };
		D8800EA01D721BD90009489D /* downloader.hpp */ = {isa = PBXFileReference; fileEncoding = 4; lastKnownFileType = sourcecode.cpp.h; path = downloader.hpp; sourceTree = "<group>"; };
		D8800EA11D721BD90009489D /* earthporn.cpp */ = {isa = PBXFileReference; fileEncoding = 4; lastKnownFileType = sourcecode.cpp.cpp; path = earthporn.cpp; sourceTree = "<group>"; };
		D8800EA21D721BD90009489D /* earthporn.hpp */ = {isa = PBXFileReference; fileEncoding = 4; lastKnownFileType = sourcecode.cpp.h; path = earthporn.hpp; sourceTree = "<group>"; };
		D8800EA31D721BD90009489D /* main.cpp */ = {isa = PBXFileReference; fileEncoding = 4; lastKnownFileType = sourcecode.cpp.cpp; path = main.cpp; sourceTree = "<group>"; };
		D8800EA71D721C550009489D /* reddit_interface.cpp */ = {isa = PBXFileReference; fileEncoding = 4; lastKnownFileType = sourcecode.cpp.cpp; path = reddit_interface.cpp; sourceTree = "<group>"; };
		D8800EA81D721C550009489D /* reddit_interface.hpp */ = {isa = PBXFileReference; fileEncoding = 4; lastKnownFileType = sourcecode.cpp.h; path = reddit_interface.hpp; sourceTree = "<group>"; };
		D8800EAA1D721DF50009489D /* libcurl.tbd */ = {isa = PBXFileReference; lastKnownFileType = "sourcecode.text-based-dylib-definition"; name = libcurl.tbd; path = usr/lib/libcurl.tbd; sourceTree = SDKROOT; };
/* End PBXFileReference section */

/* Begin PBXFrameworksBuildPhase section */
		D8800E921D721BC90009489D /* Frameworks */ = {
			isa = PBXFrameworksBuildPhase;
			buildActionMask = 2147483647;
			files = (
				D8800EAB1D721DF50009489D /* libcurl.tbd in Frameworks */,
			);
			runOnlyForDeploymentPostprocessing = 0;
		};
/* End PBXFrameworksBuildPhase section */

/* Begin PBXGroup section */
		D8800E8C1D721BC90009489D = {
			isa = PBXGroup;
			children = (
				D8800EAA1D721DF50009489D /* libcurl.tbd */,
				D8800E971D721BC90009489D /* Swear Paper */,
				D8800E961D721BC90009489D /* Products */,
			);
			sourceTree = "<group>";
		};
		D8800E961D721BC90009489D /* Products */ = {
			isa = PBXGroup;
			children = (
				D8800E951D721BC90009489D /* swear_paper */,
			);
			name = Products;
			sourceTree = "<group>";
		};
		D8800E971D721BC90009489D /* Swear Paper */ = {
			isa = PBXGroup;
			children = (
				D8800E9F1D721BD90009489D /* downloader.cpp */,
				D8800EA01D721BD90009489D /* downloader.hpp */,
				D8800EA11D721BD90009489D /* earthporn.cpp */,
				D8800EA21D721BD90009489D /* earthporn.hpp */,
				D8800EA31D721BD90009489D /* main.cpp */,
				D8800EA71D721C550009489D /* reddit_interface.cpp */,
				D8800EA81D721C550009489D /* reddit_interface.hpp */,
			);
			path = "Swear Paper";
			sourceTree = "<group>";
		};
/* End PBXGroup section */

/* Begin PBXNativeTarget section */
		D8800E941D721BC90009489D /* Swear Paper */ = {
			isa = PBXNativeTarget;
			buildConfigurationList = D8800E9C1D721BC90009489D /* Build configuration list for PBXNativeTarget "Swear Paper" */;
			buildPhases = (
				D8800E911D721BC90009489D /* Sources */,
				D8800E921D721BC90009489D /* Frameworks */,
				D8800E931D721BC90009489D /* CopyFiles */,
			);
			buildRules = (
			);
			dependencies = (
			);
			name = "Swear Paper";
			productName = "Swear Paper";
			productReference = D8800E951D721BC90009489D /* swear_paper */;
			productType = "com.apple.product-type.tool";
		};
/* End PBXNativeTarget section */

/* Begin PBXProject section */
		D8800E8D1D721BC90009489D /* Project object */ = {
			isa = PBXProject;
			attributes = {
				LastUpgradeCheck = 0730;
				ORGANIZATIONNAME = "Patrick Mintram";
				TargetAttributes = {
					D8800E941D721BC90009489D = {
						CreatedOnToolsVersion = 7.3.1;
					};
				};
			};
			buildConfigurationList = D8800E901D721BC90009489D /* Build configuration list for PBXProject "Swear Paper" */;
			compatibilityVersion = "Xcode 3.2";
			developmentRegion = English;
			hasScannedForEncodings = 0;
			knownRegions = (
				en,
			);
			mainGroup = D8800E8C1D721BC90009489D;
			productRefGroup = D8800E961D721BC90009489D /* Products */;
			projectDirPath = "";
			projectRoot = "";
			targets = (
				D8800E941D721BC90009489D /* Swear Paper */,
			);
		};
/* End PBXProject section */

/* Begin PBXSourcesBuildPhase section */
		D8800E911D721BC90009489D /* Sources */ = {
			isa = PBXSourcesBuildPhase;
			buildActionMask = 2147483647;
			files = (
				D8800EA41D721BD90009489D /* downloader.cpp in Sources */,
				D8800EA91D721C550009489D /* reddit_interface.cpp in Sources */,
				D8800EA61D721BD90009489D /* main.cpp in Sources */,
				D8800EA51D721BD90009489D /* earthporn.cpp in Sources */,
			);
			runOnlyForDeploymentPostprocessing = 0;
		};
/* End PBXSourcesBuildPhase section */

/* Begin XCBuildConfiguration section */
		D8800E9A1D721BC90009489D /* Debug */ = {
			isa = XCBuildConfiguration;
			buildSettings = {
				ALWAYS_SEARCH_USER_PATHS = NO;
				CLANG_ANALYZER_NONNULL = YES;
				CLANG_CXX_LANGUAGE_STANDARD = "gnu++0x";
				CLANG_CXX_LIBRARY = "libc++";
				CLANG_ENABLE_MODULES = YES;
				CLANG_ENABLE_OBJC_ARC = YES;
				CLANG_WARN_BOOL_CONVERSION = YES;
				CLANG_WARN_CONSTANT_CONVERSION = YES;
				CLANG_WARN_DIRECT_OBJC_ISA_USAGE = YES_ERROR;
				CLANG_WARN_EMPTY_BODY = YES;
				CLANG_WARN_ENUM_CONVERSION = YES;
				CLANG_WARN_INT_CONVERSION = YES;
				CLANG_WARN_OBJC_ROOT_CLASS = YES_ERROR;
				CLANG_WARN_UNREACHABLE_CODE = YES;
				CLANG_WARN__DUPLICATE_METHOD_MATCH = YES;
				CODE_SIGN_IDENTITY = "-";
				COPY_PHASE_STRIP = NO;
				DEBUG_INFORMATION_FORMAT = dwarf;
				ENABLE_STRICT_OBJC_MSGSEND = YES;
				ENABLE_TESTABILITY = YES;
				GCC_C_LANGUAGE_STANDARD = gnu99;
				GCC_DYNAMIC_NO_PIC = NO;
				GCC_NO_COMMON_BLOCKS = YES;
				GCC_OPTIMIZATION_LEVEL = 0;
				GCC_PREPROCESSOR_DEFINITIONS = (
					"DEBUG=1",
					"$(inherited)",
				);
				GCC_WARN_64_TO_32_BIT_CONVERSION = YES;
				GCC_WARN_ABOUT_RETURN_TYPE = YES_ERROR;
				GCC_WARN_UNDECLARED_SELECTOR = YES;
				GCC_WARN_UNINITIALIZED_AUTOS = YES_AGGRESSIVE;
				GCC_WARN_UNUSED_FUNCTION = YES;
				GCC_WARN_UNUSED_VARIABLE = YES;
				HEADER_SEARCH_PATHS = /usr/local/include;
				LIBRARY_SEARCH_PATHS = /usr/local/lib;
				MACOSX_DEPLOYMENT_TARGET = 10.11;
				MTL_ENABLE_DEBUG_INFO = YES;
				ONLY_ACTIVE_ARCH = YES;
				OTHER_LDFLAGS = (
					"-lopencv_calib3d",
					"-lopencv_core",
					"-lopencv_features2d",
					"-lopencv_flann",
					"-lopencv_highgui",
					"-lopencv_imgproc",
					"-lopencv_ml",
					"-lopencv_objdetect",
					"-lopencv_photo",
					"-lopencv_stitching",
					"-lopencv_superres",
					"-lopencv_ts",
					"-lopencv_video",
					"-lopencv_videostab",
				);
				SDKROOT = macosx;
			};
			name = Debug;
		};
		D8800E9B1D721BC90009489D /* Release */ = {
			isa = XCBuildConfiguration;
			buildSettings = {
				ALWAYS_SEARCH_USER_PATHS = NO;
				CLANG_ANALYZER_NONNULL = YES;
				CLANG_CXX_LANGUAGE_STANDARD = "gnu++0x";
				CLANG_CXX_LIBRARY = "libc++";
				CLANG_ENABLE_MODULES = YES;
				CLANG_ENABLE_OBJC_ARC = YES;
				CLANG_WARN_BOOL_CONVERSION = YES;
				CLANG_WARN_CONSTANT_CONVERSION = YES;
				CLANG_WARN_DIRECT_OBJC_ISA_USAGE = YES_ERROR;
				CLANG_WARN_EMPTY_BODY = YES;
				CLANG_WARN_ENUM_CONVERSION = YES;
				CLANG_WARN_INT_CONVERSION = YES;
				CLANG_WARN_OBJC_ROOT_CLASS = YES_ERROR;
				CLANG_WARN_UNREACHABLE_CODE = YES;
				CLANG_WARN__DUPLICATE_METHOD_MATCH = YES;
				CODE_SIGN_IDENTITY = "-";
				COPY_PHASE_STRIP = NO;
				DEBUG_INFORMATION_FORMAT = "dwarf-with-dsym";
				ENABLE_NS_ASSERTIONS = NO;
				ENABLE_STRICT_OBJC_MSGSEND = YES;
				GCC_C_LANGUAGE_STANDARD = gnu99;
				GCC_NO_COMMON_BLOCKS = YES;
				GCC_WARN_64_TO_32_BIT_CONVERSION = YES;
				GCC_WARN_ABOUT_RETURN_TYPE = YES_ERROR;
				GCC_WARN_UNDECLARED_SELECTOR = YES;
				GCC_WARN_UNINITIALIZED_AUTOS = YES_AGGRESSIVE;
				GCC_WARN_UNUSED_FUNCTION = YES;
				GCC_WARN_UNUSED_VARIABLE = YES;
				HEADER_SEARCH_PATHS = /usr/local/include;
				LIBRARY_SEARCH_PATHS = /usr/local/lib;
				MACOSX_DEPLOYMENT_TARGET = 10.11;
				MTL_ENABLE_DEBUG_INFO = NO;
				OTHER_LDFLAGS = (
					"-lopencv_calib3d",
					"-lopencv_core",
					"-lopencv_features2d",
					"-lopencv_flann",
					"-lopencv_highgui",
					"-lopencv_imgproc",
					"-lopencv_ml",
					"-lopencv_objdetect",
					"-lopencv_photo",
					"-lopencv_stitching",
					"-lopencv_superres",
					"-lopencv_ts",
					"-lopencv_video",
					"-lopencv_videostab",
				);
				SDKROOT = macosx;
			};
			name = Release;
		};
		D8800E9D1D721BC90009489D /* Debug */ = {
			isa = XCBuildConfiguration;
			buildSettings = {
				PRODUCT_NAME = swear_paper;
			};
			name = Debug;
		};
		D8800E9E1D721BC90009489D /* Release */ = {
			isa = XCBuildConfiguration;
			buildSettings = {
				PRODUCT_NAME = swear_paper;
			};
			name = Release;
		};
/* End XCBuildConfiguration section */

/* Begin XCConfigurationList section */
		D8800E901D721BC90009489D /* Build configuration list for PBXProject "Swear Paper" */ = {
			isa = XCConfigurationList;
			buildConfigurations = (
				D8800E9A1D721BC90009489D /* Debug */,
				D8800E9B1D721BC90009489D /* Release */,
			);
			defaultConfigurationIsVisible = 0;
			defaultConfigurationName = Release;
		};
		D8800E9C1D721BC90009489D /* Build configuration list for PBXNativeTarget "Swear Paper" */ = {
			isa = XCConfigurationList;
			buildConfigurations = (
				D8800E9D1D721BC90009489D /* Debug */,
				D8800E9E1D721BC90009489D /* Release */,
			);
			defaultConfigurationIsVisible = 0;
		};
/* End XCConfigurationList section */
	};
	rootObject = D8800E8D1D721BC90009489D /* Project object */;
}
